
Microsoft Visual Studio Solution File, Format Version 12.00
# Visual Studio 2012
Project("{FAE04EC0-301F-11D3-BF4B-00C04F79EFBC}") = "3", "3\3.csproj", "{9962C3F8-09A0-46DF-BCFC-1F2BD66297C7}"
EndProject
Project("{FAE04EC0-301F-11D3-BF4B-00C04F79EFBC}") = "FoldTest", "FoldTest\FoldTest.csproj", "{20AB4300-FE75-48F5-B552-1D25B7D58AE9}"
EndProject
Global
	GlobalSection(SolutionConfigurationPlatforms) = preSolution
		Debug|Any CPU = Debug|Any CPU
		Release|Any CPU = Release|Any CPU
	EndGlobalSection
	GlobalSection(ProjectConfigurationPlatforms) = postSolution
		{9962C3F8-09A0-46DF-BCFC-1F2BD66297C7}.Debug|Any CPU.ActiveCfg = Debug|Any CPU
		{9962C3F8-09A0-46DF-BCFC-1F2BD66297C7}.Debug|Any CPU.Build.0 = Debug|Any CPU
		{9962C3F8-09A0-46DF-BCFC-1F2BD66297C7}.Release|Any CPU.ActiveCfg = Release|Any CPU
		{9962C3F8-09A0-46DF-BCFC-1F2BD66297C7}.Release|Any CPU.Build.0 = Release|Any CPU
		{20AB4300-FE75-48F5-B552-1D25B7D58AE9}.Debug|Any CPU.ActiveCfg = Debug|Any CPU
		{20AB4300-FE75-48F5-B552-1D25B7D58AE9}.Debug|Any CPU.Build.0 = Debug|Any CPU
		{20AB4300-FE75-48F5-B552-1D25B7D58AE9}.Release|Any CPU.ActiveCfg = Release|Any CPU
		{20AB4300-FE75-48F5-B552-1D25B7D58AE9}.Release|Any CPU.Build.0 = Release|Any CPU
	EndGlobalSection
	GlobalSection(SolutionProperties) = preSolution
		HideSolutionNode = FALSE
	EndGlobalSection
EndGlobal
