
Microsoft Visual Studio Solution File, Format Version 12.00
# Visual Studio 2012
Project("{FAE04EC0-301F-11D3-BF4B-00C04F79EFBC}") = "List", "2\List.csproj", "{FC4B7205-70B7-44B1-BC53-9B5468F7E319}"
EndProject
Project("{FAE04EC0-301F-11D3-BF4B-00C04F79EFBC}") = "ListTest", "ListTest\ListTest.csproj", "{B9C8FE93-AFA8-47A7-97C2-585FAECE9755}"
EndProject
Global
	GlobalSection(SolutionConfigurationPlatforms) = preSolution
		Debug|Any CPU = Debug|Any CPU
		Release|Any CPU = Release|Any CPU
	EndGlobalSection
	GlobalSection(ProjectConfigurationPlatforms) = postSolution
		{FC4B7205-70B7-44B1-BC53-9B5468F7E319}.Debug|Any CPU.ActiveCfg = Debug|Any CPU
		{FC4B7205-70B7-44B1-BC53-9B5468F7E319}.Debug|Any CPU.Build.0 = Debug|Any CPU
		{FC4B7205-70B7-44B1-BC53-9B5468F7E319}.Release|Any CPU.ActiveCfg = Release|Any CPU
		{FC4B7205-70B7-44B1-BC53-9B5468F7E319}.Release|Any CPU.Build.0 = Release|Any CPU
		{B9C8FE93-AFA8-47A7-97C2-585FAECE9755}.Debug|Any CPU.ActiveCfg = Debug|Any CPU
		{B9C8FE93-AFA8-47A7-97C2-585FAECE9755}.Debug|Any CPU.Build.0 = Debug|Any CPU
		{B9C8FE93-AFA8-47A7-97C2-585FAECE9755}.Release|Any CPU.ActiveCfg = Release|Any CPU
		{B9C8FE93-AFA8-47A7-97C2-585FAECE9755}.Release|Any CPU.Build.0 = Release|Any CPU
	EndGlobalSection
	GlobalSection(SolutionProperties) = preSolution
		HideSolutionNode = FALSE
	EndGlobalSection
EndGlobal
