
Microsoft Visual Studio Solution File, Format Version 12.00
# Visual Studio 2012
Project("{FAE04EC0-301F-11D3-BF4B-00C04F79EFBC}") = "Treap", "Treap\Treap.csproj", "{DAFCEBD9-DC23-4E98-9C6C-F988A8DF37FD}"
EndProject
Project("{FAE04EC0-301F-11D3-BF4B-00C04F79EFBC}") = "TreapTest", "TreapTest\TreapTest.csproj", "{F4C69E74-AE6B-4B3A-9FD0-76EFD693B57E}"
EndProject
Global
	GlobalSection(SolutionConfigurationPlatforms) = preSolution
		Debug|Any CPU = Debug|Any CPU
		Release|Any CPU = Release|Any CPU
	EndGlobalSection
	GlobalSection(ProjectConfigurationPlatforms) = postSolution
		{DAFCEBD9-DC23-4E98-9C6C-F988A8DF37FD}.Debug|Any CPU.ActiveCfg = Debug|Any CPU
		{DAFCEBD9-DC23-4E98-9C6C-F988A8DF37FD}.Debug|Any CPU.Build.0 = Debug|Any CPU
		{DAFCEBD9-DC23-4E98-9C6C-F988A8DF37FD}.Release|Any CPU.ActiveCfg = Release|Any CPU
		{DAFCEBD9-DC23-4E98-9C6C-F988A8DF37FD}.Release|Any CPU.Build.0 = Release|Any CPU
		{F4C69E74-AE6B-4B3A-9FD0-76EFD693B57E}.Debug|Any CPU.ActiveCfg = Debug|Any CPU
		{F4C69E74-AE6B-4B3A-9FD0-76EFD693B57E}.Debug|Any CPU.Build.0 = Debug|Any CPU
		{F4C69E74-AE6B-4B3A-9FD0-76EFD693B57E}.Release|Any CPU.ActiveCfg = Release|Any CPU
		{F4C69E74-AE6B-4B3A-9FD0-76EFD693B57E}.Release|Any CPU.Build.0 = Release|Any CPU
	EndGlobalSection
	GlobalSection(SolutionProperties) = preSolution
		HideSolutionNode = FALSE
	EndGlobalSection
EndGlobal
