
Microsoft Visual Studio Solution File, Format Version 12.00
# Visual Studio 2012
Project("{FAE04EC0-301F-11D3-BF4B-00C04F79EFBC}") = "3", "3\3.csproj", "{C9D0C680-0871-4EDD-B85D-E59B45E8ADFC}"
EndProject
Global
	GlobalSection(SolutionConfigurationPlatforms) = preSolution
		Debug|Any CPU = Debug|Any CPU
		Release|Any CPU = Release|Any CPU
	EndGlobalSection
	GlobalSection(ProjectConfigurationPlatforms) = postSolution
		{C9D0C680-0871-4EDD-B85D-E59B45E8ADFC}.Debug|Any CPU.ActiveCfg = Debug|Any CPU
		{C9D0C680-0871-4EDD-B85D-E59B45E8ADFC}.Debug|Any CPU.Build.0 = Debug|Any CPU
		{C9D0C680-0871-4EDD-B85D-E59B45E8ADFC}.Release|Any CPU.ActiveCfg = Release|Any CPU
		{C9D0C680-0871-4EDD-B85D-E59B45E8ADFC}.Release|Any CPU.Build.0 = Release|Any CPU
	EndGlobalSection
	GlobalSection(SolutionProperties) = preSolution
		HideSolutionNode = FALSE
	EndGlobalSection
EndGlobal
