
Microsoft Visual Studio Solution File, Format Version 12.00
# Visual Studio 2012
Project("{FAE04EC0-301F-11D3-BF4B-00C04F79EFBC}") = "LocalNetwork", "LocalNetwork\LocalNetwork.csproj", "{91C46A79-7269-4575-91CB-E51A80C0A252}"
EndProject
Project("{FAE04EC0-301F-11D3-BF4B-00C04F79EFBC}") = "NetworkTests", "NetworkTests\NetworkTests.csproj", "{B42C8A36-38EA-4A94-8EA8-BA3196FEB834}"
EndProject
Global
	GlobalSection(SolutionConfigurationPlatforms) = preSolution
		Debug|Any CPU = Debug|Any CPU
		Release|Any CPU = Release|Any CPU
	EndGlobalSection
	GlobalSection(ProjectConfigurationPlatforms) = postSolution
		{91C46A79-7269-4575-91CB-E51A80C0A252}.Debug|Any CPU.ActiveCfg = Debug|Any CPU
		{91C46A79-7269-4575-91CB-E51A80C0A252}.Debug|Any CPU.Build.0 = Debug|Any CPU
		{91C46A79-7269-4575-91CB-E51A80C0A252}.Release|Any CPU.ActiveCfg = Release|Any CPU
		{91C46A79-7269-4575-91CB-E51A80C0A252}.Release|Any CPU.Build.0 = Release|Any CPU
		{B42C8A36-38EA-4A94-8EA8-BA3196FEB834}.Debug|Any CPU.ActiveCfg = Debug|Any CPU
		{B42C8A36-38EA-4A94-8EA8-BA3196FEB834}.Debug|Any CPU.Build.0 = Debug|Any CPU
		{B42C8A36-38EA-4A94-8EA8-BA3196FEB834}.Release|Any CPU.ActiveCfg = Release|Any CPU
		{B42C8A36-38EA-4A94-8EA8-BA3196FEB834}.Release|Any CPU.Build.0 = Release|Any CPU
	EndGlobalSection
	GlobalSection(SolutionProperties) = preSolution
		HideSolutionNode = FALSE
	EndGlobalSection
EndGlobal
