
Microsoft Visual Studio Solution File, Format Version 12.00
# Visual Studio 2012
Project("{FAE04EC0-301F-11D3-BF4B-00C04F79EFBC}") = "1", "1\1.csproj", "{29D7A7DE-5A69-4602-BAD9-4E7FBBBB7605}"
EndProject
Project("{FAE04EC0-301F-11D3-BF4B-00C04F79EFBC}") = "MapTests", "MapTests\MapTests.csproj", "{E62A641B-D74D-48B2-97AA-CB9624D7FC33}"
EndProject
Global
	GlobalSection(SolutionConfigurationPlatforms) = preSolution
		Debug|Any CPU = Debug|Any CPU
		Release|Any CPU = Release|Any CPU
	EndGlobalSection
	GlobalSection(ProjectConfigurationPlatforms) = postSolution
		{29D7A7DE-5A69-4602-BAD9-4E7FBBBB7605}.Debug|Any CPU.ActiveCfg = Debug|Any CPU
		{29D7A7DE-5A69-4602-BAD9-4E7FBBBB7605}.Debug|Any CPU.Build.0 = Debug|Any CPU
		{29D7A7DE-5A69-4602-BAD9-4E7FBBBB7605}.Release|Any CPU.ActiveCfg = Release|Any CPU
		{29D7A7DE-5A69-4602-BAD9-4E7FBBBB7605}.Release|Any CPU.Build.0 = Release|Any CPU
		{E62A641B-D74D-48B2-97AA-CB9624D7FC33}.Debug|Any CPU.ActiveCfg = Debug|Any CPU
		{E62A641B-D74D-48B2-97AA-CB9624D7FC33}.Debug|Any CPU.Build.0 = Debug|Any CPU
		{E62A641B-D74D-48B2-97AA-CB9624D7FC33}.Release|Any CPU.ActiveCfg = Release|Any CPU
		{E62A641B-D74D-48B2-97AA-CB9624D7FC33}.Release|Any CPU.Build.0 = Release|Any CPU
	EndGlobalSection
	GlobalSection(SolutionProperties) = preSolution
		HideSolutionNode = FALSE
	EndGlobalSection
EndGlobal
