
Microsoft Visual Studio Solution File, Format Version 12.00
# Visual Studio 2012
Project("{FAE04EC0-301F-11D3-BF4B-00C04F79EFBC}") = "BinaryTree", "BinaryTree\BinaryTree.csproj", "{685AC652-3F35-4637-8718-F05B60139602}"
EndProject
Project("{FAE04EC0-301F-11D3-BF4B-00C04F79EFBC}") = "TreeTest", "TreeTest\TreeTest.csproj", "{DC2C498B-A9DA-4F1F-8021-3763B0093567}"
EndProject
Global
	GlobalSection(SolutionConfigurationPlatforms) = preSolution
		Debug|Any CPU = Debug|Any CPU
		Release|Any CPU = Release|Any CPU
	EndGlobalSection
	GlobalSection(ProjectConfigurationPlatforms) = postSolution
		{685AC652-3F35-4637-8718-F05B60139602}.Debug|Any CPU.ActiveCfg = Debug|Any CPU
		{685AC652-3F35-4637-8718-F05B60139602}.Debug|Any CPU.Build.0 = Debug|Any CPU
		{685AC652-3F35-4637-8718-F05B60139602}.Release|Any CPU.ActiveCfg = Release|Any CPU
		{685AC652-3F35-4637-8718-F05B60139602}.Release|Any CPU.Build.0 = Release|Any CPU
		{DC2C498B-A9DA-4F1F-8021-3763B0093567}.Debug|Any CPU.ActiveCfg = Debug|Any CPU
		{DC2C498B-A9DA-4F1F-8021-3763B0093567}.Debug|Any CPU.Build.0 = Debug|Any CPU
		{DC2C498B-A9DA-4F1F-8021-3763B0093567}.Release|Any CPU.ActiveCfg = Release|Any CPU
		{DC2C498B-A9DA-4F1F-8021-3763B0093567}.Release|Any CPU.Build.0 = Release|Any CPU
	EndGlobalSection
	GlobalSection(SolutionProperties) = preSolution
		HideSolutionNode = FALSE
	EndGlobalSection
EndGlobal
