
Microsoft Visual Studio Solution File, Format Version 12.00
# Visual Studio 2012
Project("{FAE04EC0-301F-11D3-BF4B-00C04F79EFBC}") = "1", "1\1.csproj", "{89289750-9CF4-4EDE-B17F-4E5E50437194}"
EndProject
Project("{FAE04EC0-301F-11D3-BF4B-00C04F79EFBC}") = "StackTest", "StackTest\StackTest.csproj", "{2C1E0C36-22C1-4150-85F1-DF3D1F570C38}"
EndProject
Global
	GlobalSection(SolutionConfigurationPlatforms) = preSolution
		Debug|Any CPU = Debug|Any CPU
		Release|Any CPU = Release|Any CPU
	EndGlobalSection
	GlobalSection(ProjectConfigurationPlatforms) = postSolution
		{89289750-9CF4-4EDE-B17F-4E5E50437194}.Debug|Any CPU.ActiveCfg = Debug|Any CPU
		{89289750-9CF4-4EDE-B17F-4E5E50437194}.Debug|Any CPU.Build.0 = Debug|Any CPU
		{89289750-9CF4-4EDE-B17F-4E5E50437194}.Release|Any CPU.ActiveCfg = Release|Any CPU
		{89289750-9CF4-4EDE-B17F-4E5E50437194}.Release|Any CPU.Build.0 = Release|Any CPU
		{2C1E0C36-22C1-4150-85F1-DF3D1F570C38}.Debug|Any CPU.ActiveCfg = Debug|Any CPU
		{2C1E0C36-22C1-4150-85F1-DF3D1F570C38}.Debug|Any CPU.Build.0 = Debug|Any CPU
		{2C1E0C36-22C1-4150-85F1-DF3D1F570C38}.Release|Any CPU.ActiveCfg = Release|Any CPU
		{2C1E0C36-22C1-4150-85F1-DF3D1F570C38}.Release|Any CPU.Build.0 = Release|Any CPU
	EndGlobalSection
	GlobalSection(SolutionProperties) = preSolution
		HideSolutionNode = FALSE
	EndGlobalSection
EndGlobal
